PODS:
  - Alamofire (5.4.1)
  - LocationLogger (0.1.0):
    - Alamofire (~> 5.4)
    - RxCocoa (~> 6.1)
    - RxSwift (~> 6.1)
  - RxCocoa (6.1.0):
    - RxRelay (= 6.1.0)
    - RxSwift (= 6.1.0)
  - RxRelay (6.1.0):
    - RxSwift (= 6.1.0)
  - RxSwift (6.1.0)

DEPENDENCIES:
  - LocationLogger

SPEC REPOS:
  https://github.com/CocoaPods/Specs.git:
    - Alamofire
    - LocationLogger
    - RxCocoa
    - RxRelay
    - RxSwift

SPEC CHECKSUMS:
  Alamofire: 2291f7d21ca607c491dd17642e5d40fdcda0e65c
  LocationLogger: 9f767a113a18d162ff7dbf648d66a4cbd55a6d34
  RxCocoa: 5c51f02d562cbd94629f6c26cf0c80fe4ab8d343
  RxRelay: 483e1a19fad961b41f0b0c0bee506f46c1ae14fe
  RxSwift: a834e5c538e89eca0cae86f403f4fbf0336786ce

PODFILE CHECKSUM: db823c6e70cfbe49893c2ad9becc4d32d229e0e8

COCOAPODS: 1.9.3
