// !$*UTF8*$!
{
	archiveVersion = 1;
	classes = {
	};
	objectVersion = 51;
	objects = {

/* Begin PBXBuildFile section */
		1FD9B1717BCC052433B47526 /* Pods_LocationLoggerExample.framework in Frameworks */ = {isa = PBXBuildFile; fileRef = 165734062469BEAE3495C252 /* Pods_LocationLoggerExample.framework */; };
		9009725C25F566E100336BED /* Util.swift in Sources */ = {isa = PBXBuildFile; fileRef = 9009725B25F566E100336BED /* Util.swift */; };
		90258FE925F55568006784F6 /* AppDelegate.swift in Sources */ = {isa = PBXBuildFile; fileRef = 90258FE825F55568006784F6 /* AppDelegate.swift */; };
		90258FEB25F55568006784F6 /* SceneDelegate.swift in Sources */ = {isa = PBXBuildFile; fileRef = 90258FEA25F55568006784F6 /* SceneDelegate.swift */; };
		90258FED25F55568006784F6 /* LocationLoggerViewController.swift in Sources */ = {isa = PBXBuildFile; fileRef = 90258FEC25F55568006784F6 /* LocationLoggerViewController.swift */; };
		90258FF225F55568006784F6 /* Assets.xcassets in Resources */ = {isa = PBXBuildFile; fileRef = 90258FF125F55568006784F6 /* Assets.xcassets */; };
		90258FF525F55568006784F6 /* LaunchScreen.storyboard in Resources */ = {isa = PBXBuildFile; fileRef = 90258FF325F55568006784F6 /* LaunchScreen.storyboard */; };
/* End PBXBuildFile section */

/* Begin PBXFileReference section */
		165734062469BEAE3495C252 /* Pods_LocationLoggerExample.framework */ = {isa = PBXFileReference; explicitFileType = wrapper.framework; includeInIndex = 0; path = Pods_LocationLoggerExample.framework; sourceTree = BUILT_PRODUCTS_DIR; };
		6FBA51D9B9FAA65E43E6757A /* Pods-LocationLoggerExample.debug.xcconfig */ = {isa = PBXFileReference; includeInIndex = 1; lastKnownFileType = text.xcconfig; name = "Pods-LocationLoggerExample.debug.xcconfig"; path = "Target Support Files/Pods-LocationLoggerExample/Pods-LocationLoggerExample.debug.xcconfig"; sourceTree = "<group>"; };
		9009725B25F566E100336BED /* Util.swift */ = {isa = PBXFileReference; lastKnownFileType = sourcecode.swift; path = Util.swift; sourceTree = "<group>"; };
		90258FE525F55568006784F6 /* LocationLoggerExample.app */ = {isa = PBXFileReference; explicitFileType = wrapper.application; includeInIndex = 0; path = LocationLoggerExample.app; sourceTree = BUILT_PRODUCTS_DIR; };
		90258FE825F55568006784F6 /* AppDelegate.swift */ = {isa = PBXFileReference; lastKnownFileType = sourcecode.swift; path = AppDelegate.swift; sourceTree = "<group>"; };
		90258FEA25F55568006784F6 /* SceneDelegate.swift */ = {isa = PBXFileReference; lastKnownFileType = sourcecode.swift; path = SceneDelegate.swift; sourceTree = "<group>"; };
		90258FEC25F55568006784F6 /* LocationLoggerViewController.swift */ = {isa = PBXFileReference; lastKnownFileType = sourcecode.swift; path = LocationLoggerViewController.swift; sourceTree = "<group>"; };
		90258FF125F55568006784F6 /* Assets.xcassets */ = {isa = PBXFileReference; lastKnownFileType = folder.assetcatalog; path = Assets.xcassets; sourceTree = "<group>"; };
		90258FF425F55568006784F6 /* Base */ = {isa = PBXFileReference; lastKnownFileType = file.storyboard; name = Base; path = Base.lproj/LaunchScreen.storyboard; sourceTree = "<group>"; };
		90258FF625F55568006784F6 /* Info.plist */ = {isa = PBXFileReference; lastKnownFileType = text.plist.xml; path = Info.plist; sourceTree = "<group>"; };
		E8E9EA28F00B62B08F440D20 /* Pods-LocationLoggerExample.release.xcconfig */ = {isa = PBXFileReference; includeInIndex = 1; lastKnownFileType = text.xcconfig; name = "Pods-LocationLoggerExample.release.xcconfig"; path = "Target Support Files/Pods-LocationLoggerExample/Pods-LocationLoggerExample.release.xcconfig"; sourceTree = "<group>"; };
/* End PBXFileReference section */

/* Begin PBXFrameworksBuildPhase section */
		90258FE225F55568006784F6 /* Frameworks */ = {
			isa = PBXFrameworksBuildPhase;
			buildActionMask = 2147483647;
			files = (
				1FD9B1717BCC052433B47526 /* Pods_LocationLoggerExample.framework in Frameworks */,
			);
			runOnlyForDeploymentPostprocessing = 0;
		};
/* End PBXFrameworksBuildPhase section */

/* Begin PBXGroup section */
		90258FDC25F55568006784F6 = {
			isa = PBXGroup;
			children = (
				90258FE725F55568006784F6 /* LocationLoggerExample */,
				90258FE625F55568006784F6 /* Products */,
				CD90F87BBB6F91340E48EAA6 /* Pods */,
				D076FC39C866D2102982791A /* Frameworks */,
			);
			sourceTree = "<group>";
		};
		90258FE625F55568006784F6 /* Products */ = {
			isa = PBXGroup;
			children = (
				90258FE525F55568006784F6 /* LocationLoggerExample.app */,
			);
			name = Products;
			sourceTree = "<group>";
		};
		90258FE725F55568006784F6 /* LocationLoggerExample */ = {
			isa = PBXGroup;
			children = (
				90258FE825F55568006784F6 /* AppDelegate.swift */,
				90258FEA25F55568006784F6 /* SceneDelegate.swift */,
				90258FEC25F55568006784F6 /* LocationLoggerViewController.swift */,
				9009725B25F566E100336BED /* Util.swift */,
				90258FF125F55568006784F6 /* Assets.xcassets */,
				90258FF325F55568006784F6 /* LaunchScreen.storyboard */,
				90258FF625F55568006784F6 /* Info.plist */,
			);
			path = LocationLoggerExample;
			sourceTree = "<group>";
		};
		CD90F87BBB6F91340E48EAA6 /* Pods */ = {
			isa = PBXGroup;
			children = (
				6FBA51D9B9FAA65E43E6757A /* Pods-LocationLoggerExample.debug.xcconfig */,
				E8E9EA28F00B62B08F440D20 /* Pods-LocationLoggerExample.release.xcconfig */,
			);
			path = Pods;
			sourceTree = "<group>";
		};
		D076FC39C866D2102982791A /* Frameworks */ = {
			isa = PBXGroup;
			children = (
				165734062469BEAE3495C252 /* Pods_LocationLoggerExample.framework */,
			);
			name = Frameworks;
			sourceTree = "<group>";
		};
/* End PBXGroup section */

/* Begin PBXNativeTarget section */
		90258FE425F55568006784F6 /* LocationLoggerExample */ = {
			isa = PBXNativeTarget;
			buildConfigurationList = 90258FF925F55568006784F6 /* Build configuration list for PBXNativeTarget "LocationLoggerExample" */;
			buildPhases = (
				FFFFB05F2DC9E5B84F9DC29E /* [CP] Check Pods Manifest.lock */,
				90258FE125F55568006784F6 /* Sources */,
				90258FE225F55568006784F6 /* Frameworks */,
				90258FE325F55568006784F6 /* Resources */,
				18BEEEC74852A8229B02FF1C /* [CP] Embed Pods Frameworks */,
			);
			buildRules = (
			);
			dependencies = (
			);
			name = LocationLoggerExample;
			productName = LocationLoggerExample;
			productReference = 90258FE525F55568006784F6 /* LocationLoggerExample.app */;
			productType = "com.apple.product-type.application";
		};
/* End PBXNativeTarget section */

/* Begin PBXProject section */
		90258FDD25F55568006784F6 /* Project object */ = {
			isa = PBXProject;
			attributes = {
				LastSwiftUpdateCheck = 1200;
				LastUpgradeCheck = 1200;
				TargetAttributes = {
					90258FE425F55568006784F6 = {
						CreatedOnToolsVersion = 12.0.1;
					};
				};
			};
			buildConfigurationList = 90258FE025F55568006784F6 /* Build configuration list for PBXProject "LocationLoggerExample" */;
			compatibilityVersion = "Xcode 9.3";
			developmentRegion = en;
			hasScannedForEncodings = 0;
			knownRegions = (
				en,
				Base,
			);
			mainGroup = 90258FDC25F55568006784F6;
			productRefGroup = 90258FE625F55568006784F6 /* Products */;
			projectDirPath = "";
			projectRoot = "";
			targets = (
				90258FE425F55568006784F6 /* LocationLoggerExample */,
			);
		};
/* End PBXProject section */

/* Begin PBXResourcesBuildPhase section */
		90258FE325F55568006784F6 /* Resources */ = {
			isa = PBXResourcesBuildPhase;
			buildActionMask = 2147483647;
			files = (
				90258FF525F55568006784F6 /* LaunchScreen.storyboard in Resources */,
				90258FF225F55568006784F6 /* Assets.xcassets in Resources */,
			);
			runOnlyForDeploymentPostprocessing = 0;
		};
/* End PBXResourcesBuildPhase section */

/* Begin PBXShellScriptBuildPhase section */
		18BEEEC74852A8229B02FF1C /* [CP] Embed Pods Frameworks */ = {
			isa = PBXShellScriptBuildPhase;
			buildActionMask = 2147483647;
			files = (
			);
			inputFileListPaths = (
				"${PODS_ROOT}/Target Support Files/Pods-LocationLoggerExample/Pods-LocationLoggerExample-frameworks-${CONFIGURATION}-input-files.xcfilelist",
			);
			name = "[CP] Embed Pods Frameworks";
			outputFileListPaths = (
				"${PODS_ROOT}/Target Support Files/Pods-LocationLoggerExample/Pods-LocationLoggerExample-frameworks-${CONFIGURATION}-output-files.xcfilelist",
			);
			runOnlyForDeploymentPostprocessing = 0;
			shellPath = /bin/sh;
			shellScript = "\"${PODS_ROOT}/Target Support Files/Pods-LocationLoggerExample/Pods-LocationLoggerExample-frameworks.sh\"\n";
			showEnvVarsInLog = 0;
		};
		FFFFB05F2DC9E5B84F9DC29E /* [CP] Check Pods Manifest.lock */ = {
			isa = PBXShellScriptBuildPhase;
			buildActionMask = 2147483647;
			files = (
			);
			inputFileListPaths = (
			);
			inputPaths = (
				"${PODS_PODFILE_DIR_PATH}/Podfile.lock",
				"${PODS_ROOT}/Manifest.lock",
			);
			name = "[CP] Check Pods Manifest.lock";
			outputFileListPaths = (
			);
			outputPaths = (
				"$(DERIVED_FILE_DIR)/Pods-LocationLoggerExample-checkManifestLockResult.txt",
			);
			runOnlyForDeploymentPostprocessing = 0;
			shellPath = /bin/sh;
			shellScript = "diff \"${PODS_PODFILE_DIR_PATH}/Podfile.lock\" \"${PODS_ROOT}/Manifest.lock\" > /dev/null\nif [ $? != 0 ] ; then\n    # print error to STDERR\n    echo \"error: The sandbox is not in sync with the Podfile.lock. Run 'pod install' or update your CocoaPods installation.\" >&2\n    exit 1\nfi\n# This output is used by Xcode 'outputs' to avoid re-running this script phase.\necho \"SUCCESS\" > \"${SCRIPT_OUTPUT_FILE_0}\"\n";
			showEnvVarsInLog = 0;
		};
/* End PBXShellScriptBuildPhase section */

/* Begin PBXSourcesBuildPhase section */
		90258FE125F55568006784F6 /* Sources */ = {
			isa = PBXSourcesBuildPhase;
			buildActionMask = 2147483647;
			files = (
				90258FED25F55568006784F6 /* LocationLoggerViewController.swift in Sources */,
				90258FE925F55568006784F6 /* AppDelegate.swift in Sources */,
				90258FEB25F55568006784F6 /* SceneDelegate.swift in Sources */,
				9009725C25F566E100336BED /* Util.swift in Sources */,
			);
			runOnlyForDeploymentPostprocessing = 0;
		};
/* End PBXSourcesBuildPhase section */

/* Begin PBXVariantGroup section */
		90258FF325F55568006784F6 /* LaunchScreen.storyboard */ = {
			isa = PBXVariantGroup;
			children = (
				90258FF425F55568006784F6 /* Base */,
			);
			name = LaunchScreen.storyboard;
			sourceTree = "<group>";
		};
/* End PBXVariantGroup section */

/* Begin XCBuildConfiguration section */
		90258FF725F55568006784F6 /* Debug */ = {
			isa = XCBuildConfiguration;
			buildSettings = {
				ALWAYS_SEARCH_USER_PATHS = NO;
				CLANG_ANALYZER_NONNULL = YES;
				CLANG_ANALYZER_NUMBER_OBJECT_CONVERSION = YES_AGGRESSIVE;
				CLANG_CXX_LANGUAGE_STANDARD = "gnu++14";
				CLANG_CXX_LIBRARY = "libc++";
				CLANG_ENABLE_MODULES = YES;
				CLANG_ENABLE_OBJC_ARC = YES;
				CLANG_ENABLE_OBJC_WEAK = YES;
				CLANG_WARN_BLOCK_CAPTURE_AUTORELEASING = YES;
				CLANG_WARN_BOOL_CONVERSION = YES;
				CLANG_WARN_COMMA = YES;
				CLANG_WARN_CONSTANT_CONVERSION = YES;
				CLANG_WARN_DEPRECATED_OBJC_IMPLEMENTATIONS = YES;
				CLANG_WARN_DIRECT_OBJC_ISA_USAGE = YES_ERROR;
				CLANG_WARN_DOCUMENTATION_COMMENTS = YES;
				CLANG_WARN_EMPTY_BODY = YES;
				CLANG_WARN_ENUM_CONVERSION = YES;
				CLANG_WARN_INFINITE_RECURSION = YES;
				CLANG_WARN_INT_CONVERSION = YES;
				CLANG_WARN_NON_LITERAL_NULL_CONVERSION = YES;
				CLANG_WARN_OBJC_IMPLICIT_RETAIN_SELF = YES;
				CLANG_WARN_OBJC_LITERAL_CONVERSION = YES;
				CLANG_WARN_OBJC_ROOT_CLASS = YES_ERROR;
				CLANG_WARN_QUOTED_INCLUDE_IN_FRAMEWORK_HEADER = YES;
				CLANG_WARN_RANGE_LOOP_ANALYSIS = YES;
				CLANG_WARN_STRICT_PROTOTYPES = YES;
				CLANG_WARN_SUSPICIOUS_MOVE = YES;
				CLANG_WARN_UNGUARDED_AVAILABILITY = YES_AGGRESSIVE;
				CLANG_WARN_UNREACHABLE_CODE = YES;
				CLANG_WARN__DUPLICATE_METHOD_MATCH = YES;
				COPY_PHASE_STRIP = NO;
				DEBUG_INFORMATION_FORMAT = dwarf;
				ENABLE_STRICT_OBJC_MSGSEND = YES;
				ENABLE_TESTABILITY = YES;
				GCC_C_LANGUAGE_STANDARD = gnu11;
				GCC_DYNAMIC_NO_PIC = NO;
				GCC_NO_COMMON_BLOCKS = YES;
				GCC_OPTIMIZATION_LEVEL = 0;
				GCC_PREPROCESSOR_DEFINITIONS = (
					"DEBUG=1",
					"$(inherited)",
				);
				GCC_WARN_64_TO_32_BIT_CONVERSION = YES;
				GCC_WARN_ABOUT_RETURN_TYPE = YES_ERROR;
				GCC_WARN_UNDECLARED_SELECTOR = YES;
				GCC_WARN_UNINITIALIZED_AUTOS = YES_AGGRESSIVE;
				GCC_WARN_UNUSED_FUNCTION = YES;
				GCC_WARN_UNUSED_VARIABLE = YES;
				IPHONEOS_DEPLOYMENT_TARGET = 14.0;
				MTL_ENABLE_DEBUG_INFO = INCLUDE_SOURCE;
				MTL_FAST_MATH = YES;
				ONLY_ACTIVE_ARCH = YES;
				SDKROOT = iphoneos;
				SWIFT_ACTIVE_COMPILATION_CONDITIONS = DEBUG;
				SWIFT_OPTIMIZATION_LEVEL = "-Onone";
			};
			name = Debug;
		};
		90258FF825F55568006784F6 /* Release */ = {
			isa = XCBuildConfiguration;
			buildSettings = {
				ALWAYS_SEARCH_USER_PATHS = NO;
				CLANG_ANALYZER_NONNULL = YES;
				CLANG_ANALYZER_NUMBER_OBJECT_CONVERSION = YES_AGGRESSIVE;
				CLANG_CXX_LANGUAGE_STANDARD = "gnu++14";
				CLANG_CXX_LIBRARY = "libc++";
				CLANG_ENABLE_MODULES = YES;
				CLANG_ENABLE_OBJC_ARC = YES;
				CLANG_ENABLE_OBJC_WEAK = YES;
				CLANG_WARN_BLOCK_CAPTURE_AUTORELEASING = YES;
				CLANG_WARN_BOOL_CONVERSION = YES;
				CLANG_WARN_COMMA = YES;
				CLANG_WARN_CONSTANT_CONVERSION = YES;
				CLANG_WARN_DEPRECATED_OBJC_IMPLEMENTATIONS = YES;
				CLANG_WARN_DIRECT_OBJC_ISA_USAGE = YES_ERROR;
				CLANG_WARN_DOCUMENTATION_COMMENTS = YES;
				CLANG_WARN_EMPTY_BODY = YES;
				CLANG_WARN_ENUM_CONVERSION = YES;
				CLANG_WARN_INFINITE_RECURSION = YES;
				CLANG_WARN_INT_CONVERSION = YES;
				CLANG_WARN_NON_LITERAL_NULL_CONVERSION = YES;
				CLANG_WARN_OBJC_IMPLICIT_RETAIN_SELF = YES;
				CLANG_WARN_OBJC_LITERAL_CONVERSION = YES;
				CLANG_WARN_OBJC_ROOT_CLASS = YES_ERROR;
				CLANG_WARN_QUOTED_INCLUDE_IN_FRAMEWORK_HEADER = YES;
				CLANG_WARN_RANGE_LOOP_ANALYSIS = YES;
				CLANG_WARN_STRICT_PROTOTYPES = YES;
				CLANG_WARN_SUSPICIOUS_MOVE = YES;
				CLANG_WARN_UNGUARDED_AVAILABILITY = YES_AGGRESSIVE;
				CLANG_WARN_UNREACHABLE_CODE = YES;
				CLANG_WARN__DUPLICATE_METHOD_MATCH = YES;
				COPY_PHASE_STRIP = NO;
				DEBUG_INFORMATION_FORMAT = "dwarf-with-dsym";
				ENABLE_NS_ASSERTIONS = NO;
				ENABLE_STRICT_OBJC_MSGSEND = YES;
				GCC_C_LANGUAGE_STANDARD = gnu11;
				GCC_NO_COMMON_BLOCKS = YES;
				GCC_WARN_64_TO_32_BIT_CONVERSION = YES;
				GCC_WARN_ABOUT_RETURN_TYPE = YES_ERROR;
				GCC_WARN_UNDECLARED_SELECTOR = YES;
				GCC_WARN_UNINITIALIZED_AUTOS = YES_AGGRESSIVE;
				GCC_WARN_UNUSED_FUNCTION = YES;
				GCC_WARN_UNUSED_VARIABLE = YES;
				IPHONEOS_DEPLOYMENT_TARGET = 14.0;
				MTL_ENABLE_DEBUG_INFO = NO;
				MTL_FAST_MATH = YES;
				SDKROOT = iphoneos;
				SWIFT_COMPILATION_MODE = wholemodule;
				SWIFT_OPTIMIZATION_LEVEL = "-O";
				VALIDATE_PRODUCT = YES;
			};
			name = Release;
		};
		90258FFA25F55568006784F6 /* Debug */ = {
			isa = XCBuildConfiguration;
			baseConfigurationReference = 6FBA51D9B9FAA65E43E6757A /* Pods-LocationLoggerExample.debug.xcconfig */;
			buildSettings = {
				ASSETCATALOG_COMPILER_APPICON_NAME = AppIcon;
				ASSETCATALOG_COMPILER_GLOBAL_ACCENT_COLOR_NAME = AccentColor;
				CODE_SIGN_STYLE = Automatic;
				INFOPLIST_FILE = LocationLoggerExample/Info.plist;
				LD_RUNPATH_SEARCH_PATHS = (
					"$(inherited)",
					"@executable_path/Frameworks",
				);
				PRODUCT_BUNDLE_IDENTIFIER = ThiagoFerrao.LocationLoggerExample;
				PRODUCT_NAME = "$(TARGET_NAME)";
				SWIFT_VERSION = 5.0;
				TARGETED_DEVICE_FAMILY = "1,2";
			};
			name = Debug;
		};
		90258FFB25F55568006784F6 /* Release */ = {
			isa = XCBuildConfiguration;
			baseConfigurationReference = E8E9EA28F00B62B08F440D20 /* Pods-LocationLoggerExample.release.xcconfig */;
			buildSettings = {
				ASSETCATALOG_COMPILER_APPICON_NAME = AppIcon;
				ASSETCATALOG_COMPILER_GLOBAL_ACCENT_COLOR_NAME = AccentColor;
				CODE_SIGN_STYLE = Automatic;
				INFOPLIST_FILE = LocationLoggerExample/Info.plist;
				LD_RUNPATH_SEARCH_PATHS = (
					"$(inherited)",
					"@executable_path/Frameworks",
				);
				PRODUCT_BUNDLE_IDENTIFIER = ThiagoFerrao.LocationLoggerExample;
				PRODUCT_NAME = "$(TARGET_NAME)";
				SWIFT_VERSION = 5.0;
				TARGETED_DEVICE_FAMILY = "1,2";
			};
			name = Release;
		};
/* End XCBuildConfiguration section */

/* Begin XCConfigurationList section */
		90258FE025F55568006784F6 /* Build configuration list for PBXProject "LocationLoggerExample" */ = {
			isa = XCConfigurationList;
			buildConfigurations = (
				90258FF725F55568006784F6 /* Debug */,
				90258FF825F55568006784F6 /* Release */,
			);
			defaultConfigurationIsVisible = 0;
			defaultConfigurationName = Release;
		};
		90258FF925F55568006784F6 /* Build configuration list for PBXNativeTarget "LocationLoggerExample" */ = {
			isa = XCConfigurationList;
			buildConfigurations = (
				90258FFA25F55568006784F6 /* Debug */,
				90258FFB25F55568006784F6 /* Release */,
			);
			defaultConfigurationIsVisible = 0;
			defaultConfigurationName = Release;
		};
/* End XCConfigurationList section */
	};
	rootObject = 90258FDD25F55568006784F6 /* Project object */;
}
